{
  "name": "studymind",
  "version": "1.0.0",
  "lockfileVersion": 3,
  "requires": true,
  "packages": {
    "": {
      "name": "studymind",
      "version": "1.0.0",
      "license": "MIT",
      "dependencies": {
        "@cloudbase/cli": "^3.5.6"
      },
      "devDependencies": {}
    },
    "node_modules/@cloudbase/cli": {
      "version": "3.5.6",
      "resolved": "https://registry.npmmirror.com/@cloudbase/cli/-/cli-3.5.6.tgz",
      "integrity": "sha512-qDH+FfZT08T0XaOUduZ43Bs1ezy6BbJKjFHsjJcyXcquhpBwU3+cAgKF4SW686ixY/nUd9Q9zoju5rsy1FpjzA==",
      "license": "ISC",
      "bin": {
        "cloudbase": "bin/cloudbase",
        "cloudbase-mcp": "bin/cloudbase-mcp",
        "tcb": "bin/tcb"
      }
    }
  }
}
